GEM
  remote: https://rubygems.org/
  specs:
    nio4r (2.7.5)
    puma (7.1.0)
      nio4r (~> 2.0)
    rack (3.2.4)
    rackup (2.2.1)
      rack (>= 3)

PLATFORMS
  arm64-darwin-25
  ruby

DEPENDENCIES
  puma (~> 7.1)
  rack (~> 3.2)
  rackup (~> 2.2)

RUBY VERSION
   ruby 3.4.7p58

BUNDLED WITH
   2.6.9
