# THIS IS AN AUTOGENERATED FILE. DO NOT EDIT THIS FILE DIRECTLY.
# yarn lockfile v1


"@oxc-project/types@=0.143.0":
  version "0.143.0"
  resolved "https://registry.yarnpkg.com/@oxc-project/types/-/types-0.143.0.tgz#c3e4f3178b7b54e4dd194eac6d45258a60f0092b"
  integrity sha512-u6JZdLBTLotrNC9Vd6vPssINdzcCzleKAH6EJKImQb7GtYvX5keN2dxkoK44stCc4tffE6QQRtZTXVSzsLUlWA==

"@rolldown/binding-android-arm64@1.2.3":
  version "1.2.3"
  resolved "https://registry.yarnpkg.com/@rolldown/binding-android-arm64/-/binding-android-arm64-1.2.3.tgz#001b8b0b01844701efda1bb6bed84b681c4a488b"
  integrity sha512-zrJtHDcaZJ1Fp7xf4hNl+7seH9Cn/N5TwLYkhgXREtBwAd/jaqW3uqeHxpDugJLVICWg4eW44kOQEGJ1r6jCGw==

"@rolldown/binding-darwin-arm64@1.2.3":
  version "1.2.3"
  resolved "https://registry.yarnpkg.com/@rolldown/binding-darwin-arm64/-/binding-darwin-arm64-1.2.3.tgz#5e87c602ed634a6fef092e2162e24fbfb881c4ec"
  integrity sha512-ieIiibVCp0tX7TLu2cafoNPv8wJyYi01ekXpbf8q2j7F4rGAhhXb/eQh7ge9DRBY78GwmRQtvjZDux7EDbA8kA==

"@rolldown/binding-darwin-x64@1.2.3":
  version "1.2.3"
  resolved "https://registry.yarnpkg.com/@rolldown/binding-darwin-x64/-/binding-darwin-x64-1.2.3.tgz#f32e0b286714bd03a421d693415d05d97d265b77"
  integrity sha512-Zh9tCon19eDXJoihx0rqKhMUlMYqzwj3aPsSuHmI4RWZh62dWUL+DJN4C5YQya5TcQBJU/Fe8+rY0jhXTQITqA==

"@rolldown/binding-freebsd-x64@1.2.3":
  version "1.2.3"
  resolved "https://registry.yarnpkg.com/@rolldown/binding-freebsd-x64/-/binding-freebsd-x64-1.2.3.tgz#5f38ad5761b6b7b21b57a99566bb52634c60ab19"
  integrity sha512-nGbJWewA1wrXXZiQhjAT5rhibGfns5ZNkDVqxsO6zJ3f3YvpoDNNmGMSbbhLuXKjNScaBJVOAboztAWVespQMg==

"@rolldown/binding-linux-arm-gnueabihf@1.2.3":
  version "1.2.3"
  resolved "https://registry.yarnpkg.com/@rolldown/binding-linux-arm-gnueabihf/-/binding-linux-arm-gnueabihf-1.2.3.tgz#ab4dcd07f1bd88e8d659ae0c3bb9d2f290adb897"
  integrity sha512-QNniJr5Kml0kDEB98jiDOJjXNroxIIi0IXIbdYzY26Xt1pVbeP62+KnoIZLwirOymX/0jDk/2gI/bNUv7A7OIw==

"@rolldown/binding-linux-arm64-gnu@1.2.3":
  version "1.2.3"
  resolved "https://registry.yarnpkg.com/@rolldown/binding-linux-arm64-gnu/-/binding-linux-arm64-gnu-1.2.3.tgz#d279b7016039a725fb66d82784b9841f42df83da"
  integrity sha512-TkqEAcmmvH3I/q4114NB4RVt6241Dao48pF45uLcFGrwAaIn0iITgTAKP/dLjbN0R4buJjGb91+UHSoFmpgIWw==

"@rolldown/binding-linux-arm64-musl@1.2.3":
  version "1.2.3"
  resolved "https://registry.yarnpkg.com/@rolldown/binding-linux-arm64-musl/-/binding-linux-arm64-musl-1.2.3.tgz#d08bbc93d2742214548c5adf7df7788944e5a89a"
  integrity sha512-NHqjnxpsndf4MPymxteFAWHHfkTL8HjWh1KB7z23ofZ6QO2euONuxDXjat69dKZRALnGypg8k8SsK8vZJoXv1Q==

"@rolldown/binding-linux-ppc64-gnu@1.2.3":
  version "1.2.3"
  resolved "https://registry.yarnpkg.com/@rolldown/binding-linux-ppc64-gnu/-/binding-linux-ppc64-gnu-1.2.3.tgz#6418e63745b3193f26ab3bb88744b3a4a1356d7c"
  integrity sha512-6tbrbwfz5GB9DQ4Jwo6hy9v+vR31xZlvzZ6n5Xut6Hhx5PvrA9q/HsK8KMaYQp063iqZGXwNvZtYNLD7EM/x0w==

"@rolldown/binding-linux-s390x-gnu@1.2.3":
  version "1.2.3"
  resolved "https://registry.yarnpkg.com/@rolldown/binding-linux-s390x-gnu/-/binding-linux-s390x-gnu-1.2.3.tgz#77ec30d0704cf4eb1cb4a63f501c9852c6728cf4"
  integrity sha512-oyuXxXmoZHjXC917IAPFAAv4wWAa0cM9afk8nx1+9/jNNOX1uPf8yDA6p7G0RypOfw/X0PQt5IfoquY1um+zSg==

"@rolldown/binding-linux-x64-gnu@1.2.3":
  version "1.2.3"
  resolved "https://registry.yarnpkg.com/@rolldown/binding-linux-x64-gnu/-/binding-linux-x64-gnu-1.2.3.tgz#3b9b6e0dd3e86c597f42858748ca25f1dfd58ed8"
  integrity sha512-TytMwF2KVGqP2tgd0I1OY0PAv78dZRAYcF5ssDzjM34SUXCED3uXvSd5+lHoC0bTD6eEdFz7LdQNCO1y0oVk9w==

"@rolldown/binding-linux-x64-musl@1.2.3":
  version "1.2.3"
  resolved "https://registry.yarnpkg.com/@rolldown/binding-linux-x64-musl/-/binding-linux-x64-musl-1.2.3.tgz#f78033c592c8bd2af48284a45f8e4baaa0befbf5"
  integrity sha512-/E9m3qstrJFVPoULV25mVQblSNExY2+kBsYe4sy0Tn0yOOgJ8wZbZt3KnRbF/XeU2Gl1STKUQnDNTqhIE5MD4A==

"@rolldown/binding-openharmony-arm64@1.2.3":
  version "1.2.3"
  resolved "https://registry.yarnpkg.com/@rolldown/binding-openharmony-arm64/-/binding-openharmony-arm64-1.2.3.tgz#36e951f5a6fca922a5205e283d0a82b9f98199ca"
  integrity sha512-Kr0OcsoQI816i6HOl3vFHpd1K0eZyh76zgfj4c1nTyaTsd5r2Mj1lwM4R90y/qaCfmTn9eHy0SKwi98eitRxug==

"@rolldown/binding-win32-arm64-msvc@1.2.3":
  version "1.2.3"
  resolved "https://registry.yarnpkg.com/@rolldown/binding-win32-arm64-msvc/-/binding-win32-arm64-msvc-1.2.3.tgz#c1e494ac47e13bd857fca0b3ad59c33580241f7e"
  integrity sha512-hOtMwTqnME+/gJcH/PCZ0wn0zPUjiWOgkHpxbSJpfGKMezHltx1S7/k1SitzVa7Ww2cqrDDaFbZEhcJZO8o+Jw==

"@rolldown/binding-win32-x64-msvc@1.2.3":
  version "1.2.3"
  resolved "https://registry.yarnpkg.com/@rolldown/binding-win32-x64-msvc/-/binding-win32-x64-msvc-1.2.3.tgz#b0effffcd6872f8a021373eb437916b1b52283a4"
  integrity sha512-ekcqMMkI2PlhYnfzQnB/cEdYUVVJViWvoUyLrbzgDoi3Snfc1mVBwdnc306ufA5ejy8JSPjT2RlW1nQSjW7efg==

"@rolldown/pluginutils@^1.0.0":
  version "1.0.1"
  resolved "https://registry.yarnpkg.com/@rolldown/pluginutils/-/pluginutils-1.0.1.tgz#e3fcee093fbb5ce765e1ad088ff4de2889f6f9be"
  integrity sha512-2j9bGt5Jh8hj+vPtgzPtl72j0yRxHAyumoo6TNfAjsLB04UtpSvPbPcDcBMxz7n+9CYB0c1GxQFxYRg2jimqGw==

detect-libc@^2.0.3:
  version "2.1.2"
  resolved "https://registry.yarnpkg.com/detect-libc/-/detect-libc-2.1.2.tgz#689c5dcdc1900ef5583a4cb9f6d7b473742074ad"
  integrity sha512-Btj2BOOO83o3WyH59e8MgXsxEQVcarkUOpEYrubB0urwnN10yQ364rsiByU11nZlqWYZm05i/of7io4mzihBtQ==

fdir@^6.5.0:
  version "6.5.0"
  resolved "https://registry.yarnpkg.com/fdir/-/fdir-6.5.0.tgz#ed2ab967a331ade62f18d077dae192684d50d350"
  integrity sha512-tIbYtZbucOs0BRGqPJkshJUYdL+SDH7dVM8gjy+ERp3WAUjLEFJE+02kanyHtwjWOnwrKYBiwAmM0p4kLJAnXg==

fsevents@~2.3.3:
  version "2.3.3"
  resolved "https://registry.yarnpkg.com/fsevents/-/fsevents-2.3.3.tgz#cac6407785d03675a2a5e1a5305c697b347d90d6"
  integrity sha512-5xoDfX+fL7faATnagmWPpbFtwh/R77WmMMqqHGS65C3vvB0YHrgF+B1YmZ3441tMj5n63k0212XNoJwzlhffQw==

jquery@4.0.0:
  version "4.0.0"
  resolved "https://registry.yarnpkg.com/jquery/-/jquery-4.0.0.tgz#95c33ac29005ff72ec444c5ba1cf457e61404fbb"
  integrity sha512-TXCHVR3Lb6TZdtw1l3RTLf8RBWVGexdxL6AC8/e0xZKEpBflBsjh9/8LXw+dkNFuOyW9B7iB3O1sP7hS0Kiacg==

lightningcss-android-arm64@1.33.0:
  version "1.33.0"
  resolved "https://registry.yarnpkg.com/lightningcss-android-arm64/-/lightningcss-android-arm64-1.33.0.tgz#9a6841f88ae50fc83502903892b41af41bc2b907"
  integrity sha512-gEpRTalKdosp4Bb8qWtc2iOgE5SeIHlpS1up9bFq2wAyYhl1UdTObYiHe98zEM9SQvSoqQZ1IQD0JNpg3Ml5pg==

lightningcss-darwin-arm64@1.33.0:
  version "1.33.0"
  resolved "https://registry.yarnpkg.com/lightningcss-darwin-arm64/-/lightningcss-darwin-arm64-1.33.0.tgz#c0f2c31c0bfd19fa4dd3f18e957a1f1a152097d6"
  integrity sha512-Sciaz8eenNTKn9b3t7+xr0ipTp9YxKQY4npwQ3mrRuL0BAVHBLyZxofhaKBAVtzmtRZ/zTyo0/to4B1uWG/Djg==

lightningcss-darwin-x64@1.33.0:
  version "1.33.0"
  resolved "https://registry.yarnpkg.com/lightningcss-darwin-x64/-/lightningcss-darwin-x64-1.33.0.tgz#cb0705965acb538c6683949ce6925fb3cdf7c361"
  integrity sha512-Z5UPAxzrjlWNNyGy6i65cJzzvgJ5D3T6wMvs+gWpY9d7qRhANrxqAp6LhxIgZhWEw18RfJTGcRxjuLIBr+m8XQ==

lightningcss-freebsd-x64@1.33.0:
  version "1.33.0"
  resolved "https://registry.yarnpkg.com/lightningcss-freebsd-x64/-/lightningcss-freebsd-x64-1.33.0.tgz#763538828b26bab2680dadafcc84ee78b0eb502b"
  integrity sha512-QQM/Ti/hQajJwCY+RiWuCZ9sdtI/XQk7nDK5vC8kkdwixezOlDgvDx7+RT+QjK6FcFT4MpsuoBnHIo/O3StRRg==

lightningcss-linux-arm-gnueabihf@1.33.0:
  version "1.33.0"
  resolved "https://registry.yarnpkg.com/lightningcss-linux-arm-gnueabihf/-/lightningcss-linux-arm-gnueabihf-1.33.0.tgz#6862e3176a331aedbdec1ed352b4d7d0dd0784de"
  integrity sha512-N7FVBe6iS24MlM6R/4RBTxGhQheZGs7tiQ9U32UtF75NzP5Q7xWPRqLBCKxlRQRk3rY1jCIPLzx7WzOhuUIRLQ==

lightningcss-linux-arm64-gnu@1.33.0:
  version "1.33.0"
  resolved "https://registry.yarnpkg.com/lightningcss-linux-arm64-gnu/-/lightningcss-linux-arm64-gnu-1.33.0.tgz#c6a3a2ed15141daf6bdc2628930f8e39bdf473aa"
  integrity sha512-j2v/itmy4HlNxlc6voKXYgBqNi0Ng2LShg4z7GufpEgs05P+2suBVyi9I6YHq5uoVFx9ETin3eCEhLVyXGQnKg==

lightningcss-linux-arm64-musl@1.33.0:
  version "1.33.0"
  resolved "https://registry.yarnpkg.com/lightningcss-linux-arm64-musl/-/lightningcss-linux-arm64-musl-1.33.0.tgz#7fa1334971fc82845f9827df6ef8a0b20914bac6"
  integrity sha512-yiO5ROMuYQgXbC60yjZU5CYSFZGKXL0HFATXt9mHJn1+zW55oCtMI9NfcVhYLMFDL7gV7oBPon/EmMMGg2OvtQ==

lightningcss-linux-x64-gnu@1.33.0:
  version "1.33.0"
  resolved "https://registry.yarnpkg.com/lightningcss-linux-x64-gnu/-/lightningcss-linux-x64-gnu-1.33.0.tgz#8b927862ea8c2bbc6831a46509244b50d9936e55"
  integrity sha512-ar+Ju7LmcN0Jo4FpL4hpFybwNG9/3A/Br5KW2n2jyODg3MEZXaDYADdemoNS+BDNfMgKvylJLj4S5tyRActuAg==

lightningcss-linux-x64-musl@1.33.0:
  version "1.33.0"
  resolved "https://registry.yarnpkg.com/lightningcss-linux-x64-musl/-/lightningcss-linux-x64-musl-1.33.0.tgz#0c525bb077dfd94404c059cfe42dad797e96aeaf"
  integrity sha512-RYiYbkokw0trfKqqzfF55lginwEPrD3OJDfTuJzFs1MK6iFnDenaz1fqLLtX4ITG3OktJQXOeTaw1awrBAlZPw==

lightningcss-win32-arm64-msvc@1.33.0:
  version "1.33.0"
  resolved "https://registry.yarnpkg.com/lightningcss-win32-arm64-msvc/-/lightningcss-win32-arm64-msvc-1.33.0.tgz#850ee1103dac989cfab50e3ac22d1a69e394e63d"
  integrity sha512-1K+MPfLSFVpphzpdbfkhlWk6wBrTObBzS2T6db10PNOZgR9GoVsAWzwNyuhUYYbTp23j+4RrncfujZ4uAzXvwA==

lightningcss-win32-x64-msvc@1.33.0:
  version "1.33.0"
  resolved "https://registry.yarnpkg.com/lightningcss-win32-x64-msvc/-/lightningcss-win32-x64-msvc-1.33.0.tgz#e343ae152eed3609dc6e11949d1a3bf39a1c946f"
  integrity sha512-OlEICDx/Xl0FqSp4bry8zFnCvGpig3Gl4gCquvYwHuqJKEC1+n9NgDniFvqHGmMv1ZkqDJrDqKKSykTDX+ehuA==

lightningcss@^1.33.0:
  version "1.33.0"
  resolved "https://registry.yarnpkg.com/lightningcss/-/lightningcss-1.33.0.tgz#c08867d71a79385c6e190214fd72fef3e5f95f0b"
  integrity sha512-WkUDrojuJs0xkgGf2udWxa3yGBRxPtxUkB79i6aCZLRgc7PM8fZe9TosfPDcvEpQZbuFASnHYmRLBLUbmLOIIA==
  dependencies:
    detect-libc "^2.0.3"
  optionalDependencies:
    lightningcss-android-arm64 "1.33.0"
    lightningcss-darwin-arm64 "1.33.0"
    lightningcss-darwin-x64 "1.33.0"
    lightningcss-freebsd-x64 "1.33.0"
    lightningcss-linux-arm-gnueabihf "1.33.0"
    lightningcss-linux-arm64-gnu "1.33.0"
    lightningcss-linux-arm64-musl "1.33.0"
    lightningcss-linux-x64-gnu "1.33.0"
    lightningcss-linux-x64-musl "1.33.0"
    lightningcss-win32-arm64-msvc "1.33.0"
    lightningcss-win32-x64-msvc "1.33.0"

nanoid@^3.3.17:
  version "3.3.17"
  resolved "https://registry.yarnpkg.com/nanoid/-/nanoid-3.3.17.tgz#f1c3aa253c52547956a52c50bff754316f61037a"
  integrity sha512-xQLf0A3HOMlgHq0n247/LRuAOYmB7dXJ/DvAxGvsSBij45XtBSmQycu+F8ODbHwns/XyFZagyL1+J0Offw1E0g==

picocolors@^1.1.1:
  version "1.1.1"
  resolved "https://registry.yarnpkg.com/picocolors/-/picocolors-1.1.1.tgz#3d321af3eab939b083c8f929a1d12cda81c26b6b"
  integrity sha512-xceH2snhtb5M9liqDsmEw56le376mTZkEX/jEb/RxNFyegNul7eNslCXP9FDj/Lcu0X8KEyMceP2ntpaHrDEVA==

picomatch@^4.0.4, picomatch@^4.0.5:
  version "4.0.5"
  resolved "https://registry.yarnpkg.com/picomatch/-/picomatch-4.0.5.tgz#51ea57a17d86f605f81039595fbc40ed06a55fab"
  integrity sha512-RvwwcruNjI1ncT5xRakeyS9Lf8lcItv34KD+aif+VH9kduAyfYBipGh12274xtenIPZ119/R9BdTBa8gAwSh0A==

postcss@^8.5.23:
  version "8.5.26"
  resolved "https://registry.yarnpkg.com/postcss/-/postcss-8.5.26.tgz#6e75135780c7e10df3433bf2266c552d35c8c620"
  integrity sha512-u82N74LFzG8ca+dD8puPnplTXoGH4fTPpVGuIbt36G3qvNlkvfD0lEAZSxaly3KX8TS/L1A1gsCEmvKmBcVbkQ==
  dependencies:
    nanoid "^3.3.17"
    picocolors "^1.1.1"
    source-map-js "^1.2.1"

rolldown@~1.2.0:
  version "1.2.3"
  resolved "https://registry.yarnpkg.com/rolldown/-/rolldown-1.2.3.tgz#103bdcbbd575d51265277b8b510f080827b6eb6f"
  integrity sha512-rn9wpmxplLf7NLNyCk9FyWh3FM43DbY8jOzCdEPzH7uflhTftRbCEpqi6Ly2osgoU8OwObtmavMbWLaWy4LX7A==
  dependencies:
    "@oxc-project/types" "=0.143.0"
    "@rolldown/pluginutils" "^1.0.0"
  optionalDependencies:
    "@rolldown/binding-android-arm64" "1.2.3"
    "@rolldown/binding-darwin-arm64" "1.2.3"
    "@rolldown/binding-darwin-x64" "1.2.3"
    "@rolldown/binding-freebsd-x64" "1.2.3"
    "@rolldown/binding-linux-arm-gnueabihf" "1.2.3"
    "@rolldown/binding-linux-arm64-gnu" "1.2.3"
    "@rolldown/binding-linux-arm64-musl" "1.2.3"
    "@rolldown/binding-linux-ppc64-gnu" "1.2.3"
    "@rolldown/binding-linux-s390x-gnu" "1.2.3"
    "@rolldown/binding-linux-x64-gnu" "1.2.3"
    "@rolldown/binding-linux-x64-musl" "1.2.3"
    "@rolldown/binding-openharmony-arm64" "1.2.3"
    "@rolldown/binding-win32-arm64-msvc" "1.2.3"
    "@rolldown/binding-win32-x64-msvc" "1.2.3"

source-map-js@^1.2.1:
  version "1.2.1"
  resolved "https://registry.yarnpkg.com/source-map-js/-/source-map-js-1.2.1.tgz#1ce5650fddd87abc099eda37dcff024c2667ae46"
  integrity sha512-UXWMKhLOwVKb728IUtQPXxfYU+usdybtUrK/8uGE8CQMvrhOpwvzDBwj0QhSL7MQc7vIsISBG8VQ8+IDQxpfQA==

tinyglobby@^0.2.17:
  version "0.2.17"
  resolved "https://registry.yarnpkg.com/tinyglobby/-/tinyglobby-0.2.17.tgz#562a9a6c9eb2b3b123d39719f9af5bb44fcd7631"
  integrity sha512-wXR/dYpcqKmfWpEdZjiKJOwCNFndD0DMnrW/cYjVGttEkBfVgcLFHoNrlj47mjOVic9yyNu65alsgF4NQyTa2g==
  dependencies:
    fdir "^6.5.0"
    picomatch "^4.0.4"

vite@^8.2.0:
  version "8.2.0"
  resolved "https://registry.yarnpkg.com/vite/-/vite-8.2.0.tgz#902fcd3dc0312f553c85b6cbc4625dcaca2d8df8"
  integrity sha512-pn+CFpM0lwDeKwmOq1ZaBK/9sjorZcgqxki6MbY/jPEVd9vichIlmlD4HmQ5wdP5EgqQCFRaACBxMC7uEGc6lQ==
  dependencies:
    lightningcss "^1.33.0"
    picomatch "^4.0.5"
    postcss "^8.5.23"
    rolldown "~1.2.0"
    tinyglobby "^0.2.17"
  optionalDependencies:
    fsevents "~2.3.3"
